
Microsoft Visual Studio Solution File, Format Version 12.00
# Visual Studio 15
VisualStudioVersion = 15.0.28010.2019
MinimumVisualStudioVersion = 10.0.40219.1
Project("{FAE04EC0-301F-11D3-BF4B-00C04F79EFBC}") = "SoftwareComandeo", "SoftwareComandeo\SoftwareComandeo.csproj", "{613BCF42-87A8-4595-8FA2-4D9D9CEE541C}"
EndProject
Global
	GlobalSection(SolutionConfigurationPlatforms) = preSolution
		Debug|Any CPU = Debug|Any CPU
		Release|Any CPU = Release|Any CPU
	EndGlobalSection
	GlobalSection(ProjectConfigurationPlatforms) = postSolution
		{613BCF42-87A8-4595-8FA2-4D9D9CEE541C}.Debug|Any CPU.ActiveCfg = Debug|Any CPU
		{613BCF42-87A8-4595-8FA2-4D9D9CEE541C}.Debug|Any CPU.Build.0 = Debug|Any CPU
		{613BCF42-87A8-4595-8FA2-4D9D9CEE541C}.Release|Any CPU.ActiveCfg = Release|Any CPU
		{613BCF42-87A8-4595-8FA2-4D9D9CEE541C}.Release|Any CPU.Build.0 = Release|Any CPU
	EndGlobalSection
	GlobalSection(SolutionProperties) = preSolution
		HideSolutionNode = FALSE
	EndGlobalSection
	GlobalSection(ExtensibilityGlobals) = postSolution
		SolutionGuid = {DD3FCC58-4567-4ADB-9267-D5A524032C1E}
	EndGlobalSection
EndGlobal
